
Microsoft Visual Studio Solution File, Format Version 12.00
# Visual Studio Version 16
VisualStudioVersion = 16.0.30011.22
MinimumVisualStudioVersion = 10.0.40219.1
Project("{FAE04EC0-301F-11D3-BF4B-00C04F79EFBC}") = "Kata20", "Kata20\Kata20.csproj", "{E7C7FC78-D595-40FB-BF82-EA27482C1DB0}"
EndProject
Project("{FAE04EC0-301F-11D3-BF4B-00C04F79EFBC}") = "Kata20Tests", "Kata20Tests\Kata20Tests.csproj", "{49D240CB-9CB7-4602-863F-5D2D86894C88}"
EndProject
Global
	GlobalSection(SolutionConfigurationPlatforms) = preSolution
		Debug|Any CPU = Debug|Any CPU
		Release|Any CPU = Release|Any CPU
	EndGlobalSection
	GlobalSection(ProjectConfigurationPlatforms) = postSolution
		{E7C7FC78-D595-40FB-BF82-EA27482C1DB0}.Debug|Any CPU.ActiveCfg = Debug|Any CPU
		{E7C7FC78-D595-40FB-BF82-EA27482C1DB0}.Debug|Any CPU.Build.0 = Debug|Any CPU
		{E7C7FC78-D595-40FB-BF82-EA27482C1DB0}.Release|Any CPU.ActiveCfg = Release|Any CPU
		{E7C7FC78-D595-40FB-BF82-EA27482C1DB0}.Release|Any CPU.Build.0 = Release|Any CPU
		{49D240CB-9CB7-4602-863F-5D2D86894C88}.Debug|Any CPU.ActiveCfg = Debug|Any CPU
		{49D240CB-9CB7-4602-863F-5D2D86894C88}.Debug|Any CPU.Build.0 = Debug|Any CPU
		{49D240CB-9CB7-4602-863F-5D2D86894C88}.Release|Any CPU.ActiveCfg = Release|Any CPU
		{49D240CB-9CB7-4602-863F-5D2D86894C88}.Release|Any CPU.Build.0 = Release|Any CPU
	EndGlobalSection
	GlobalSection(SolutionProperties) = preSolution
		HideSolutionNode = FALSE
	EndGlobalSection
	GlobalSection(ExtensibilityGlobals) = postSolution
		SolutionGuid = {3C8CA619-8445-449C-A2ED-DD229678EEB0}
	EndGlobalSection
EndGlobal
